
Microsoft Visual Studio Solution File, Format Version 12.00
# Visual Studio Version 17
VisualStudioVersion = 17.9.34723.18
MinimumVisualStudioVersion = 10.0.40219.1
Project("{FAE04EC0-301F-11D3-BF4B-00C04F79EFBC}") = "Atv - 011", "Atv - 011\Atv - 011.csproj", "{ED5C0A9D-2D0E-40E8-9045-ED5A7A21A768}"
EndProject
Global
	GlobalSection(SolutionConfigurationPlatforms) = preSolution
		Debug|Any CPU = Debug|Any CPU
		Release|Any CPU = Release|Any CPU
	EndGlobalSection
	GlobalSection(ProjectConfigurationPlatforms) = postSolution
		{ED5C0A9D-2D0E-40E8-9045-ED5A7A21A768}.Debug|Any CPU.ActiveCfg = Debug|Any CPU
		{ED5C0A9D-2D0E-40E8-9045-ED5A7A21A768}.Debug|Any CPU.Build.0 = Debug|Any CPU
		{ED5C0A9D-2D0E-40E8-9045-ED5A7A21A768}.Release|Any CPU.ActiveCfg = Release|Any CPU
		{ED5C0A9D-2D0E-40E8-9045-ED5A7A21A768}.Release|Any CPU.Build.0 = Release|Any CPU
	EndGlobalSection
	GlobalSection(SolutionProperties) = preSolution
		HideSolutionNode = FALSE
	EndGlobalSection
	GlobalSection(ExtensibilityGlobals) = postSolution
		SolutionGuid = {F30DA1A2-E56E-49F5-A79D-B0DBB9DBD8AB}
	EndGlobalSection
EndGlobal
